
Microsoft Visual Studio Solution File, Format Version 12.00
# Visual Studio Version 17
VisualStudioVersion = 17.1.32319.34
MinimumVisualStudioVersion = 10.0.40219.1
Project("{9A19103F-16F7-4668-BE54-9A1E7A4F7556}") = "TaskManager", "TaskManager\TaskManager.csproj", "{9946E741-DB44-4A98-8571-3DF8D152AEF5}"
EndProject
Project("{FAE04EC0-301F-11D3-BF4B-00C04F79EFBC}") = "TaskManagerTest", "TaskManagerTest\TaskManagerTest.csproj", "{DDF9BF13-9E8D-482A-8E13-D8B6EC02A4E7}"
EndProject
Global
	GlobalSection(SolutionConfigurationPlatforms) = preSolution
		Debug|Any CPU = Debug|Any CPU
		Release|Any CPU = Release|Any CPU
	EndGlobalSection
	GlobalSection(ProjectConfigurationPlatforms) = postSolution
		{9946E741-DB44-4A98-8571-3DF8D152AEF5}.Debug|Any CPU.ActiveCfg = Debug|Any CPU
		{9946E741-DB44-4A98-8571-3DF8D152AEF5}.Debug|Any CPU.Build.0 = Debug|Any CPU
		{9946E741-DB44-4A98-8571-3DF8D152AEF5}.Release|Any CPU.ActiveCfg = Release|Any CPU
		{9946E741-DB44-4A98-8571-3DF8D152AEF5}.Release|Any CPU.Build.0 = Release|Any CPU
		{DDF9BF13-9E8D-482A-8E13-D8B6EC02A4E7}.Debug|Any CPU.ActiveCfg = Debug|Any CPU
		{DDF9BF13-9E8D-482A-8E13-D8B6EC02A4E7}.Debug|Any CPU.Build.0 = Debug|Any CPU
		{DDF9BF13-9E8D-482A-8E13-D8B6EC02A4E7}.Release|Any CPU.ActiveCfg = Release|Any CPU
		{DDF9BF13-9E8D-482A-8E13-D8B6EC02A4E7}.Release|Any CPU.Build.0 = Release|Any CPU
	EndGlobalSection
	GlobalSection(SolutionProperties) = preSolution
		HideSolutionNode = FALSE
	EndGlobalSection
	GlobalSection(ExtensibilityGlobals) = postSolution
		SolutionGuid = {CF4C0473-C82A-4F9B-9F29-EEA09F97FF0F}
	EndGlobalSection
EndGlobal
